<Solution>
  <Project Path="Assembly-CSharp-Editor.csproj" />
  <Project Path="com.ysdzm.adderpackage.sample.csproj" />
  <Project Path="com.ysdzm.adderpackage.csproj" />
  <Project Path="com.ysdzm.adder.sampleadder.Tests.Runtime.csproj" />
  <Project Path="Assembly-CSharp.csproj" />
  <Project Path="com.ysdzm.adderpackage.Editor.csproj" />
</Solution>
