<Solution>
  <Project Path="Assembly-CSharp-Editor.csproj" />
  <Project Path="com.ysdzm.vrm-model-controller.sample.csproj" />
  <Project Path="com.ysdzm.vrm-model-controller.csproj" />
  <Project Path="com.ysdzm.vrm-model-controller.Tests.Runtime.csproj" />
  <Project Path="Assembly-CSharp.csproj" />
  <Project Path="com.ysdzm.vrm-model-controller.Editor.csproj" />
</Solution>
